<?xml version="1.0" encoding="utf-8"?>
<Project ToolsVersion="12.0" xmlns="http://schemas.microsoft.com/developer/msbuild/2003">
  <ItemGroup>
    <Filter Include="Source Files">
      <UniqueIdentifier>{fe7a328a-a180-46db-b0c6-a70d9371ea27}</UniqueIdentifier>
      <Extensions>cpp;c;cc;cxx;def;odl;idl;hpj;bat;asm;asmx</Extensions>
    </Filter>
    <Filter Include="Resource Files">
      <UniqueIdentifier>{1935236a-3b77-49e5-aef6-b3878c31fc37}</UniqueIdentifier>
      <Extensions>rc;ico;cur;bmp;dlg;rc2;rct;bin;rgs;gif;jpg;jpeg;jpe;resx;tga;tiff;tif;png;wav;mfcribbon-ms</Extensions>
    </Filter>
    <Filter Include="Header Files">
      <UniqueIdentifier>{e0e89016-cc38-47f5-8574-9562826faffd}</UniqueIdentifier>
      <Extensions>h;hh;hpp;hxx;hm;inl;inc;xsd</Extensions>
    </Filter>
    <Filter Include="Public Header Files">
      <UniqueIdentifier>{af8c3af8-46f1-4b57-8baa-98584f6d7f34}</UniqueIdentifier>
    </Filter>
  </ItemGroup>
  <ItemGroup>
    <ClCompile Include="stream_decoder.cpp">
      <Filter>Source Files</Filter>
    </ClCompile>
  </ItemGroup>
  <ItemGroup>
    <ClInclude Include="$(SolutionDir)include\FLAC_winrt\decoder.h">
      <Filter>Public Header Files</Filter>
    </ClInclude>
    <ClInclude Include="$(SolutionDir)include\FLAC_winrt\format.h">
      <Filter>Public Header Files</Filter>
    </ClInclude>
    <ClInclude Include="include\private\helper.h">
      <Filter>Header Files</Filter>
    </ClInclude>
    <ClInclude Include="include\private\deferral.h">
      <Filter>Header Files</Filter>
    </ClInclude>
  </ItemGroup>
</Project>