
Microsoft Visual Studio Solution File, Format Version 12.00
# Visual Studio 14
VisualStudioVersion = 14.0.22823.1
MinimumVisualStudioVersion = 10.0.40219.1
Project("{FAE04EC0-301F-11D3-BF4B-00C04F79EFBC}") = "Audiotica", "Audiotica\Audiotica.csproj", "{2B68CDC5-ABD4-4809-916A-67E5DA2F4FB7}"
EndProject
Project("{FAE04EC0-301F-11D3-BF4B-00C04F79EFBC}") = "Audiotica.Core", "Audiotica.Core\Audiotica.Core.csproj", "{3B0D02A1-A45F-4925-93F0-CB4451317C80}"
EndProject
Project("{FAE04EC0-301F-11D3-BF4B-00C04F79EFBC}") = "Audiotica.Core.Universal", "Audiotica.Core.Universal\Audiotica.Core.Universal.csproj", "{0059D851-5A7E-453B-8319-D330AE5327EA}"
EndProject
Project("{FAE04EC0-301F-11D3-BF4B-00C04F79EFBC}") = "Audiotica.Web", "Audiotica.Web\Audiotica.Web.csproj", "{0B8C5A00-8C9C-4663-A741-1B494C0E9E46}"
EndProject
Global
	GlobalSection(SolutionConfigurationPlatforms) = preSolution
		Debug|Any CPU = Debug|Any CPU
		Debug|ARM = Debug|ARM
		Debug|x64 = Debug|x64
		Debug|x86 = Debug|x86
		Release|Any CPU = Release|Any CPU
		Release|ARM = Release|ARM
		Release|x64 = Release|x64
		Release|x86 = Release|x86
	EndGlobalSection
	GlobalSection(ProjectConfigurationPlatforms) = postSolution
		{2B68CDC5-ABD4-4809-916A-67E5DA2F4FB7}.Debug|Any CPU.ActiveCfg = Debug|x86
		{2B68CDC5-ABD4-4809-916A-67E5DA2F4FB7}.Debug|ARM.ActiveCfg = Debug|ARM
		{2B68CDC5-ABD4-4809-916A-67E5DA2F4FB7}.Debug|ARM.Build.0 = Debug|ARM
		{2B68CDC5-ABD4-4809-916A-67E5DA2F4FB7}.Debug|ARM.Deploy.0 = Debug|ARM
		{2B68CDC5-ABD4-4809-916A-67E5DA2F4FB7}.Debug|x64.ActiveCfg = Debug|x64
		{2B68CDC5-ABD4-4809-916A-67E5DA2F4FB7}.Debug|x64.Build.0 = Debug|x64
		{2B68CDC5-ABD4-4809-916A-67E5DA2F4FB7}.Debug|x64.Deploy.0 = Debug|x64
		{2B68CDC5-ABD4-4809-916A-67E5DA2F4FB7}.Debug|x86.ActiveCfg = Debug|x86
		{2B68CDC5-ABD4-4809-916A-67E5DA2F4FB7}.Debug|x86.Build.0 = Debug|x86
		{2B68CDC5-ABD4-4809-916A-67E5DA2F4FB7}.Debug|x86.Deploy.0 = Debug|x86
		{2B68CDC5-ABD4-4809-916A-67E5DA2F4FB7}.Release|Any CPU.ActiveCfg = Release|x86
		{2B68CDC5-ABD4-4809-916A-67E5DA2F4FB7}.Release|ARM.ActiveCfg = Release|ARM
		{2B68CDC5-ABD4-4809-916A-67E5DA2F4FB7}.Release|ARM.Build.0 = Release|ARM
		{2B68CDC5-ABD4-4809-916A-67E5DA2F4FB7}.Release|ARM.Deploy.0 = Release|ARM
		{2B68CDC5-ABD4-4809-916A-67E5DA2F4FB7}.Release|x64.ActiveCfg = Release|x64
		{2B68CDC5-ABD4-4809-916A-67E5DA2F4FB7}.Release|x64.Build.0 = Release|x64
		{2B68CDC5-ABD4-4809-916A-67E5DA2F4FB7}.Release|x64.Deploy.0 = Release|x64
		{2B68CDC5-ABD4-4809-916A-67E5DA2F4FB7}.Release|x86.ActiveCfg = Release|x86
		{2B68CDC5-ABD4-4809-916A-67E5DA2F4FB7}.Release|x86.Build.0 = Release|x86
		{2B68CDC5-ABD4-4809-916A-67E5DA2F4FB7}.Release|x86.Deploy.0 = Release|x86
		{3B0D02A1-A45F-4925-93F0-CB4451317C80}.Debug|Any CPU.ActiveCfg = Debug|Any CPU
		{3B0D02A1-A45F-4925-93F0-CB4451317C80}.Debug|Any CPU.Build.0 = Debug|Any CPU
		{3B0D02A1-A45F-4925-93F0-CB4451317C80}.Debug|ARM.ActiveCfg = Debug|Any CPU
		{3B0D02A1-A45F-4925-93F0-CB4451317C80}.Debug|ARM.Build.0 = Debug|Any CPU
		{3B0D02A1-A45F-4925-93F0-CB4451317C80}.Debug|x64.ActiveCfg = Debug|Any CPU
		{3B0D02A1-A45F-4925-93F0-CB4451317C80}.Debug|x64.Build.0 = Debug|Any CPU
		{3B0D02A1-A45F-4925-93F0-CB4451317C80}.Debug|x86.ActiveCfg = Debug|Any CPU
		{3B0D02A1-A45F-4925-93F0-CB4451317C80}.Debug|x86.Build.0 = Debug|Any CPU
		{3B0D02A1-A45F-4925-93F0-CB4451317C80}.Release|Any CPU.ActiveCfg = Release|Any CPU
		{3B0D02A1-A45F-4925-93F0-CB4451317C80}.Release|Any CPU.Build.0 = Release|Any CPU
		{3B0D02A1-A45F-4925-93F0-CB4451317C80}.Release|ARM.ActiveCfg = Release|Any CPU
		{3B0D02A1-A45F-4925-93F0-CB4451317C80}.Release|ARM.Build.0 = Release|Any CPU
		{3B0D02A1-A45F-4925-93F0-CB4451317C80}.Release|x64.ActiveCfg = Release|Any CPU
		{3B0D02A1-A45F-4925-93F0-CB4451317C80}.Release|x64.Build.0 = Release|Any CPU
		{3B0D02A1-A45F-4925-93F0-CB4451317C80}.Release|x86.ActiveCfg = Release|Any CPU
		{3B0D02A1-A45F-4925-93F0-CB4451317C80}.Release|x86.Build.0 = Release|Any CPU
		{0059D851-5A7E-453B-8319-D330AE5327EA}.Debug|Any CPU.ActiveCfg = Debug|Any CPU
		{0059D851-5A7E-453B-8319-D330AE5327EA}.Debug|Any CPU.Build.0 = Debug|Any CPU
		{0059D851-5A7E-453B-8319-D330AE5327EA}.Debug|ARM.ActiveCfg = Debug|ARM
		{0059D851-5A7E-453B-8319-D330AE5327EA}.Debug|ARM.Build.0 = Debug|ARM
		{0059D851-5A7E-453B-8319-D330AE5327EA}.Debug|x64.ActiveCfg = Debug|x64
		{0059D851-5A7E-453B-8319-D330AE5327EA}.Debug|x64.Build.0 = Debug|x64
		{0059D851-5A7E-453B-8319-D330AE5327EA}.Debug|x86.ActiveCfg = Debug|x86
		{0059D851-5A7E-453B-8319-D330AE5327EA}.Debug|x86.Build.0 = Debug|x86
		{0059D851-5A7E-453B-8319-D330AE5327EA}.Release|Any CPU.ActiveCfg = Release|Any CPU
		{0059D851-5A7E-453B-8319-D330AE5327EA}.Release|Any CPU.Build.0 = Release|Any CPU
		{0059D851-5A7E-453B-8319-D330AE5327EA}.Release|ARM.ActiveCfg = Release|ARM
		{0059D851-5A7E-453B-8319-D330AE5327EA}.Release|ARM.Build.0 = Release|ARM
		{0059D851-5A7E-453B-8319-D330AE5327EA}.Release|x64.ActiveCfg = Release|x64
		{0059D851-5A7E-453B-8319-D330AE5327EA}.Release|x64.Build.0 = Release|x64
		{0059D851-5A7E-453B-8319-D330AE5327EA}.Release|x86.ActiveCfg = Release|x86
		{0059D851-5A7E-453B-8319-D330AE5327EA}.Release|x86.Build.0 = Release|x86
		{0B8C5A00-8C9C-4663-A741-1B494C0E9E46}.Debug|Any CPU.ActiveCfg = Debug|Any CPU
		{0B8C5A00-8C9C-4663-A741-1B494C0E9E46}.Debug|Any CPU.Build.0 = Debug|Any CPU
		{0B8C5A00-8C9C-4663-A741-1B494C0E9E46}.Debug|ARM.ActiveCfg = Debug|Any CPU
		{0B8C5A00-8C9C-4663-A741-1B494C0E9E46}.Debug|ARM.Build.0 = Debug|Any CPU
		{0B8C5A00-8C9C-4663-A741-1B494C0E9E46}.Debug|x64.ActiveCfg = Debug|Any CPU
		{0B8C5A00-8C9C-4663-A741-1B494C0E9E46}.Debug|x64.Build.0 = Debug|Any CPU
		{0B8C5A00-8C9C-4663-A741-1B494C0E9E46}.Debug|x86.ActiveCfg = Debug|Any CPU
		{0B8C5A00-8C9C-4663-A741-1B494C0E9E46}.Debug|x86.Build.0 = Debug|Any CPU
		{0B8C5A00-8C9C-4663-A741-1B494C0E9E46}.Release|Any CPU.ActiveCfg = Release|Any CPU
		{0B8C5A00-8C9C-4663-A741-1B494C0E9E46}.Release|Any CPU.Build.0 = Release|Any CPU
		{0B8C5A00-8C9C-4663-A741-1B494C0E9E46}.Release|ARM.ActiveCfg = Release|Any CPU
		{0B8C5A00-8C9C-4663-A741-1B494C0E9E46}.Release|ARM.Build.0 = Release|Any CPU
		{0B8C5A00-8C9C-4663-A741-1B494C0E9E46}.Release|x64.ActiveCfg = Release|Any CPU
		{0B8C5A00-8C9C-4663-A741-1B494C0E9E46}.Release|x64.Build.0 = Release|Any CPU
		{0B8C5A00-8C9C-4663-A741-1B494C0E9E46}.Release|x86.ActiveCfg = Release|Any CPU
		{0B8C5A00-8C9C-4663-A741-1B494C0E9E46}.Release|x86.Build.0 = Release|Any CPU
	EndGlobalSection
	GlobalSection(SolutionProperties) = preSolution
		HideSolutionNode = FALSE
	EndGlobalSection
EndGlobal
