
Microsoft Visual Studio Solution File, Format Version 12.00
# Visual Studio 2012
VisualStudioVersion = 12.0.31101.0
MinimumVisualStudioVersion = 10.0.40219.1
Project("{2150E333-8FDC-42A3-9474-1A3956D46DE8}") = "Agents", "Agents", "{F8434CDD-D5AE-4675-A708-11710C99B33D}"
EndProject
Project("{FAE04EC0-301F-11D3-BF4B-00C04F79EFBC}") = "Audiotica.Windows.Player", "Agents\Audiotica.Windows.Player\Audiotica.Windows.Player.csproj", "{7956272C-3FBE-4689-9730-C7E2A138245E}"
EndProject
Project("{FAE04EC0-301F-11D3-BF4B-00C04F79EFBC}") = "Audiotica.WindowsPhone.Player", "Agents\Audiotica.WindowsPhone.Player\Audiotica.WindowsPhone.Player.csproj", "{7AB5B153-0855-4AF1-AD6E-043AC4B5B366}"
EndProject
Project("{FAE04EC0-301F-11D3-BF4B-00C04F79EFBC}") = "Audiotica.Core", "Audiotica.Core\Audiotica.Core.csproj", "{49668872-A57C-4E70-834B-83608E6CEF23}"
EndProject
Project("{2150E333-8FDC-42A3-9474-1A3956D46DE8}") = "Apps", "Apps", "{6A43F5C3-64EF-434A-B894-4965F8EE5777}"
EndProject
Project("{2150E333-8FDC-42A3-9474-1A3956D46DE8}") = "Windows", "Windows", "{14438D26-201F-4872-8637-1F94233D982D}"
EndProject
Project("{D954291E-2A0B-460D-934E-DC6B0785DB48}") = "Audiotica.Shared", "Apps\Audiotica.Shared\Audiotica.Shared.shproj", "{40FD4530-2778-42A6-A974-A415ACB5517D}"
EndProject
Project("{FAE04EC0-301F-11D3-BF4B-00C04F79EFBC}") = "Audiotica.Windows", "Apps\Audiotica.Windows\Audiotica.Windows.csproj", "{48214BFD-0C60-4437-9E5D-30211987A52B}"
EndProject
Project("{FAE04EC0-301F-11D3-BF4B-00C04F79EFBC}") = "Audiotica.WindowsPhone", "Apps\Audiotica.WindowsPhone\Audiotica.WindowsPhone.csproj", "{8C444D16-D608-4119-A5A9-E254B8A5D0E9}"
EndProject
Project("{FAE04EC0-301F-11D3-BF4B-00C04F79EFBC}") = "Audiotica.Android", "Apps\Audiotica.Android\Audiotica.Android.csproj", "{F17EA7E9-B077-402C-A20B-AEF76E7194AC}"
EndProject
Project("{FAE04EC0-301F-11D3-BF4B-00C04F79EFBC}") = "Audiotica.Data", "Audiotica.Data\Audiotica.Data.csproj", "{487696ED-6F61-4120-B784-AF2F53627E9C}"
EndProject
Project("{2150E333-8FDC-42A3-9474-1A3956D46DE8}") = ".nuget", ".nuget", "{D90BF4F9-182D-41EA-A2CB-5343189F3B1C}"
	ProjectSection(SolutionItems) = preProject
		.nuget\NuGet.Config = .nuget\NuGet.Config
		.nuget\NuGet.exe = .nuget\NuGet.exe
		.nuget\NuGet.targets = .nuget\NuGet.targets
	EndProjectSection
EndProject
Project("{FAE04EC0-301F-11D3-BF4B-00C04F79EFBC}") = "Audiotica.Data.Collection", "Audiotica.Data.Collection\Audiotica.Data.Collection.csproj", "{264B7B96-92A4-4FB4-A938-EB30FD288B70}"
EndProject
Project("{FAE04EC0-301F-11D3-BF4B-00C04F79EFBC}") = "Audiotica.Core.WinRt", "Audiotica.Core.WinRt\Audiotica.Core.WinRt.csproj", "{1F2B1BBE-ABF9-47D9-910E-D682DFBE695C}"
EndProject
Global
	GlobalSection(SolutionConfigurationPlatforms) = preSolution
		Debug|Any CPU = Debug|Any CPU
		Debug|ARM = Debug|ARM
		Debug|Mixed Platforms = Debug|Mixed Platforms
		Debug|x64 = Debug|x64
		Debug|x86 = Debug|x86
		Release|Any CPU = Release|Any CPU
		Release|ARM = Release|ARM
		Release|Mixed Platforms = Release|Mixed Platforms
		Release|x64 = Release|x64
		Release|x86 = Release|x86
	EndGlobalSection
	GlobalSection(ProjectConfigurationPlatforms) = postSolution
		{1F2B1BBE-ABF9-47D9-910E-D682DFBE695C}.Debug|Any CPU.ActiveCfg = Debug|Any CPU
		{1F2B1BBE-ABF9-47D9-910E-D682DFBE695C}.Debug|Any CPU.Build.0 = Debug|Any CPU
		{1F2B1BBE-ABF9-47D9-910E-D682DFBE695C}.Debug|ARM.ActiveCfg = Debug|Any CPU
		{1F2B1BBE-ABF9-47D9-910E-D682DFBE695C}.Debug|Mixed Platforms.ActiveCfg = Debug|Any CPU
		{1F2B1BBE-ABF9-47D9-910E-D682DFBE695C}.Debug|Mixed Platforms.Build.0 = Debug|Any CPU
		{1F2B1BBE-ABF9-47D9-910E-D682DFBE695C}.Debug|x64.ActiveCfg = Debug|Any CPU
		{1F2B1BBE-ABF9-47D9-910E-D682DFBE695C}.Debug|x86.ActiveCfg = Debug|Any CPU
		{1F2B1BBE-ABF9-47D9-910E-D682DFBE695C}.Debug|x86.Build.0 = Debug|Any CPU
		{1F2B1BBE-ABF9-47D9-910E-D682DFBE695C}.Release|Any CPU.ActiveCfg = Release|Any CPU
		{1F2B1BBE-ABF9-47D9-910E-D682DFBE695C}.Release|Any CPU.Build.0 = Release|Any CPU
		{1F2B1BBE-ABF9-47D9-910E-D682DFBE695C}.Release|ARM.ActiveCfg = Release|Any CPU
		{1F2B1BBE-ABF9-47D9-910E-D682DFBE695C}.Release|Mixed Platforms.ActiveCfg = Release|Any CPU
		{1F2B1BBE-ABF9-47D9-910E-D682DFBE695C}.Release|Mixed Platforms.Build.0 = Release|Any CPU
		{1F2B1BBE-ABF9-47D9-910E-D682DFBE695C}.Release|x64.ActiveCfg = Release|Any CPU
		{1F2B1BBE-ABF9-47D9-910E-D682DFBE695C}.Release|x86.ActiveCfg = Release|Any CPU
		{264B7B96-92A4-4FB4-A938-EB30FD288B70}.Debug|Any CPU.ActiveCfg = Debug|Any CPU
		{264B7B96-92A4-4FB4-A938-EB30FD288B70}.Debug|Any CPU.Build.0 = Debug|Any CPU
		{264B7B96-92A4-4FB4-A938-EB30FD288B70}.Debug|ARM.ActiveCfg = Debug|Any CPU
		{264B7B96-92A4-4FB4-A938-EB30FD288B70}.Debug|ARM.Build.0 = Debug|Any CPU
		{264B7B96-92A4-4FB4-A938-EB30FD288B70}.Debug|Mixed Platforms.ActiveCfg = Debug|Any CPU
		{264B7B96-92A4-4FB4-A938-EB30FD288B70}.Debug|Mixed Platforms.Build.0 = Debug|Any CPU
		{264B7B96-92A4-4FB4-A938-EB30FD288B70}.Debug|x64.ActiveCfg = Debug|Any CPU
		{264B7B96-92A4-4FB4-A938-EB30FD288B70}.Debug|x86.ActiveCfg = Debug|Any CPU
		{264B7B96-92A4-4FB4-A938-EB30FD288B70}.Debug|x86.Build.0 = Debug|Any CPU
		{264B7B96-92A4-4FB4-A938-EB30FD288B70}.Release|Any CPU.ActiveCfg = Release|Any CPU
		{264B7B96-92A4-4FB4-A938-EB30FD288B70}.Release|Any CPU.Build.0 = Release|Any CPU
		{264B7B96-92A4-4FB4-A938-EB30FD288B70}.Release|ARM.ActiveCfg = Release|Any CPU
		{264B7B96-92A4-4FB4-A938-EB30FD288B70}.Release|ARM.Build.0 = Release|Any CPU
		{264B7B96-92A4-4FB4-A938-EB30FD288B70}.Release|Mixed Platforms.ActiveCfg = Release|Any CPU
		{264B7B96-92A4-4FB4-A938-EB30FD288B70}.Release|Mixed Platforms.Build.0 = Release|Any CPU
		{264B7B96-92A4-4FB4-A938-EB30FD288B70}.Release|x64.ActiveCfg = Release|Any CPU
		{264B7B96-92A4-4FB4-A938-EB30FD288B70}.Release|x86.ActiveCfg = Release|Any CPU
		{264B7B96-92A4-4FB4-A938-EB30FD288B70}.Release|x86.Build.0 = Release|Any CPU
		{48214BFD-0C60-4437-9E5D-30211987A52B}.Debug|Any CPU.ActiveCfg = Debug|Any CPU
		{48214BFD-0C60-4437-9E5D-30211987A52B}.Debug|Any CPU.Build.0 = Debug|Any CPU
		{48214BFD-0C60-4437-9E5D-30211987A52B}.Debug|Any CPU.Deploy.0 = Debug|Any CPU
		{48214BFD-0C60-4437-9E5D-30211987A52B}.Debug|ARM.ActiveCfg = Debug|ARM
		{48214BFD-0C60-4437-9E5D-30211987A52B}.Debug|ARM.Build.0 = Debug|ARM
		{48214BFD-0C60-4437-9E5D-30211987A52B}.Debug|ARM.Deploy.0 = Debug|ARM
		{48214BFD-0C60-4437-9E5D-30211987A52B}.Debug|Mixed Platforms.ActiveCfg = Debug|x86
		{48214BFD-0C60-4437-9E5D-30211987A52B}.Debug|Mixed Platforms.Build.0 = Debug|x86
		{48214BFD-0C60-4437-9E5D-30211987A52B}.Debug|Mixed Platforms.Deploy.0 = Debug|x86
		{48214BFD-0C60-4437-9E5D-30211987A52B}.Debug|x64.ActiveCfg = Debug|x64
		{48214BFD-0C60-4437-9E5D-30211987A52B}.Debug|x64.Build.0 = Debug|x64
		{48214BFD-0C60-4437-9E5D-30211987A52B}.Debug|x64.Deploy.0 = Debug|x64
		{48214BFD-0C60-4437-9E5D-30211987A52B}.Debug|x86.ActiveCfg = Debug|x86
		{48214BFD-0C60-4437-9E5D-30211987A52B}.Debug|x86.Build.0 = Debug|x86
		{48214BFD-0C60-4437-9E5D-30211987A52B}.Debug|x86.Deploy.0 = Debug|x86
		{48214BFD-0C60-4437-9E5D-30211987A52B}.Release|Any CPU.ActiveCfg = Release|Any CPU
		{48214BFD-0C60-4437-9E5D-30211987A52B}.Release|Any CPU.Build.0 = Release|Any CPU
		{48214BFD-0C60-4437-9E5D-30211987A52B}.Release|Any CPU.Deploy.0 = Release|Any CPU
		{48214BFD-0C60-4437-9E5D-30211987A52B}.Release|ARM.ActiveCfg = Release|ARM
		{48214BFD-0C60-4437-9E5D-30211987A52B}.Release|ARM.Build.0 = Release|ARM
		{48214BFD-0C60-4437-9E5D-30211987A52B}.Release|ARM.Deploy.0 = Release|ARM
		{48214BFD-0C60-4437-9E5D-30211987A52B}.Release|Mixed Platforms.ActiveCfg = Release|x86
		{48214BFD-0C60-4437-9E5D-30211987A52B}.Release|Mixed Platforms.Build.0 = Release|x86
		{48214BFD-0C60-4437-9E5D-30211987A52B}.Release|Mixed Platforms.Deploy.0 = Release|x86
		{48214BFD-0C60-4437-9E5D-30211987A52B}.Release|x64.ActiveCfg = Release|x64
		{48214BFD-0C60-4437-9E5D-30211987A52B}.Release|x64.Build.0 = Release|x64
		{48214BFD-0C60-4437-9E5D-30211987A52B}.Release|x64.Deploy.0 = Release|x64
		{48214BFD-0C60-4437-9E5D-30211987A52B}.Release|x86.ActiveCfg = Release|x86
		{48214BFD-0C60-4437-9E5D-30211987A52B}.Release|x86.Build.0 = Release|x86
		{48214BFD-0C60-4437-9E5D-30211987A52B}.Release|x86.Deploy.0 = Release|x86
		{487696ED-6F61-4120-B784-AF2F53627E9C}.Debug|Any CPU.ActiveCfg = Debug|Any CPU
		{487696ED-6F61-4120-B784-AF2F53627E9C}.Debug|Any CPU.Build.0 = Debug|Any CPU
		{487696ED-6F61-4120-B784-AF2F53627E9C}.Debug|ARM.ActiveCfg = Debug|Any CPU
		{487696ED-6F61-4120-B784-AF2F53627E9C}.Debug|ARM.Build.0 = Debug|Any CPU
		{487696ED-6F61-4120-B784-AF2F53627E9C}.Debug|Mixed Platforms.ActiveCfg = Debug|Any CPU
		{487696ED-6F61-4120-B784-AF2F53627E9C}.Debug|Mixed Platforms.Build.0 = Debug|Any CPU
		{487696ED-6F61-4120-B784-AF2F53627E9C}.Debug|x64.ActiveCfg = Debug|Any CPU
		{487696ED-6F61-4120-B784-AF2F53627E9C}.Debug|x86.ActiveCfg = Debug|Any CPU
		{487696ED-6F61-4120-B784-AF2F53627E9C}.Debug|x86.Build.0 = Debug|Any CPU
		{487696ED-6F61-4120-B784-AF2F53627E9C}.Release|Any CPU.ActiveCfg = Release|Any CPU
		{487696ED-6F61-4120-B784-AF2F53627E9C}.Release|Any CPU.Build.0 = Release|Any CPU
		{487696ED-6F61-4120-B784-AF2F53627E9C}.Release|ARM.ActiveCfg = Release|Any CPU
		{487696ED-6F61-4120-B784-AF2F53627E9C}.Release|ARM.Build.0 = Release|Any CPU
		{487696ED-6F61-4120-B784-AF2F53627E9C}.Release|Mixed Platforms.ActiveCfg = Release|Any CPU
		{487696ED-6F61-4120-B784-AF2F53627E9C}.Release|Mixed Platforms.Build.0 = Release|Any CPU
		{487696ED-6F61-4120-B784-AF2F53627E9C}.Release|x64.ActiveCfg = Release|Any CPU
		{487696ED-6F61-4120-B784-AF2F53627E9C}.Release|x86.ActiveCfg = Release|Any CPU
		{487696ED-6F61-4120-B784-AF2F53627E9C}.Release|x86.Build.0 = Release|Any CPU
		{49668872-A57C-4E70-834B-83608E6CEF23}.Debug|Any CPU.ActiveCfg = Debug|Any CPU
		{49668872-A57C-4E70-834B-83608E6CEF23}.Debug|Any CPU.Build.0 = Debug|Any CPU
		{49668872-A57C-4E70-834B-83608E6CEF23}.Debug|ARM.ActiveCfg = Debug|Any CPU
		{49668872-A57C-4E70-834B-83608E6CEF23}.Debug|ARM.Build.0 = Debug|Any CPU
		{49668872-A57C-4E70-834B-83608E6CEF23}.Debug|Mixed Platforms.ActiveCfg = Debug|Any CPU
		{49668872-A57C-4E70-834B-83608E6CEF23}.Debug|Mixed Platforms.Build.0 = Debug|Any CPU
		{49668872-A57C-4E70-834B-83608E6CEF23}.Debug|x64.ActiveCfg = Debug|Any CPU
		{49668872-A57C-4E70-834B-83608E6CEF23}.Debug|x86.ActiveCfg = Debug|Any CPU
		{49668872-A57C-4E70-834B-83608E6CEF23}.Debug|x86.Build.0 = Debug|Any CPU
		{49668872-A57C-4E70-834B-83608E6CEF23}.Release|Any CPU.ActiveCfg = Release|Any CPU
		{49668872-A57C-4E70-834B-83608E6CEF23}.Release|Any CPU.Build.0 = Release|Any CPU
		{49668872-A57C-4E70-834B-83608E6CEF23}.Release|ARM.ActiveCfg = Release|Any CPU
		{49668872-A57C-4E70-834B-83608E6CEF23}.Release|ARM.Build.0 = Release|Any CPU
		{49668872-A57C-4E70-834B-83608E6CEF23}.Release|Mixed Platforms.ActiveCfg = Release|Any CPU
		{49668872-A57C-4E70-834B-83608E6CEF23}.Release|Mixed Platforms.Build.0 = Release|Any CPU
		{49668872-A57C-4E70-834B-83608E6CEF23}.Release|x64.ActiveCfg = Release|Any CPU
		{49668872-A57C-4E70-834B-83608E6CEF23}.Release|x86.ActiveCfg = Release|Any CPU
		{49668872-A57C-4E70-834B-83608E6CEF23}.Release|x86.Build.0 = Release|Any CPU
		{7956272C-3FBE-4689-9730-C7E2A138245E}.Debug|Any CPU.ActiveCfg = Debug|Any CPU
		{7956272C-3FBE-4689-9730-C7E2A138245E}.Debug|Any CPU.Build.0 = Debug|Any CPU
		{7956272C-3FBE-4689-9730-C7E2A138245E}.Debug|ARM.ActiveCfg = Debug|ARM
		{7956272C-3FBE-4689-9730-C7E2A138245E}.Debug|ARM.Build.0 = Debug|ARM
		{7956272C-3FBE-4689-9730-C7E2A138245E}.Debug|Mixed Platforms.ActiveCfg = Debug|x86
		{7956272C-3FBE-4689-9730-C7E2A138245E}.Debug|Mixed Platforms.Build.0 = Debug|x86
		{7956272C-3FBE-4689-9730-C7E2A138245E}.Debug|x64.ActiveCfg = Debug|x64
		{7956272C-3FBE-4689-9730-C7E2A138245E}.Debug|x64.Build.0 = Debug|x64
		{7956272C-3FBE-4689-9730-C7E2A138245E}.Debug|x86.ActiveCfg = Debug|x86
		{7956272C-3FBE-4689-9730-C7E2A138245E}.Debug|x86.Build.0 = Debug|x86
		{7956272C-3FBE-4689-9730-C7E2A138245E}.Release|Any CPU.ActiveCfg = Release|Any CPU
		{7956272C-3FBE-4689-9730-C7E2A138245E}.Release|Any CPU.Build.0 = Release|Any CPU
		{7956272C-3FBE-4689-9730-C7E2A138245E}.Release|ARM.ActiveCfg = Release|ARM
		{7956272C-3FBE-4689-9730-C7E2A138245E}.Release|ARM.Build.0 = Release|ARM
		{7956272C-3FBE-4689-9730-C7E2A138245E}.Release|Mixed Platforms.ActiveCfg = Release|x86
		{7956272C-3FBE-4689-9730-C7E2A138245E}.Release|Mixed Platforms.Build.0 = Release|x86
		{7956272C-3FBE-4689-9730-C7E2A138245E}.Release|x64.ActiveCfg = Release|x64
		{7956272C-3FBE-4689-9730-C7E2A138245E}.Release|x64.Build.0 = Release|x64
		{7956272C-3FBE-4689-9730-C7E2A138245E}.Release|x86.ActiveCfg = Release|x86
		{7956272C-3FBE-4689-9730-C7E2A138245E}.Release|x86.Build.0 = Release|x86
		{7AB5B153-0855-4AF1-AD6E-043AC4B5B366}.Debug|Any CPU.ActiveCfg = Debug|Any CPU
		{7AB5B153-0855-4AF1-AD6E-043AC4B5B366}.Debug|Any CPU.Build.0 = Debug|Any CPU
		{7AB5B153-0855-4AF1-AD6E-043AC4B5B366}.Debug|ARM.ActiveCfg = Debug|ARM
		{7AB5B153-0855-4AF1-AD6E-043AC4B5B366}.Debug|ARM.Build.0 = Debug|ARM
		{7AB5B153-0855-4AF1-AD6E-043AC4B5B366}.Debug|Mixed Platforms.ActiveCfg = Debug|x86
		{7AB5B153-0855-4AF1-AD6E-043AC4B5B366}.Debug|Mixed Platforms.Build.0 = Debug|x86
		{7AB5B153-0855-4AF1-AD6E-043AC4B5B366}.Debug|x64.ActiveCfg = Debug|Any CPU
		{7AB5B153-0855-4AF1-AD6E-043AC4B5B366}.Debug|x86.ActiveCfg = Debug|x86
		{7AB5B153-0855-4AF1-AD6E-043AC4B5B366}.Debug|x86.Build.0 = Debug|x86
		{7AB5B153-0855-4AF1-AD6E-043AC4B5B366}.Release|Any CPU.ActiveCfg = Release|Any CPU
		{7AB5B153-0855-4AF1-AD6E-043AC4B5B366}.Release|Any CPU.Build.0 = Release|Any CPU
		{7AB5B153-0855-4AF1-AD6E-043AC4B5B366}.Release|ARM.ActiveCfg = Release|ARM
		{7AB5B153-0855-4AF1-AD6E-043AC4B5B366}.Release|ARM.Build.0 = Release|ARM
		{7AB5B153-0855-4AF1-AD6E-043AC4B5B366}.Release|Mixed Platforms.ActiveCfg = Release|x86
		{7AB5B153-0855-4AF1-AD6E-043AC4B5B366}.Release|Mixed Platforms.Build.0 = Release|x86
		{7AB5B153-0855-4AF1-AD6E-043AC4B5B366}.Release|x64.ActiveCfg = Release|Any CPU
		{7AB5B153-0855-4AF1-AD6E-043AC4B5B366}.Release|x86.ActiveCfg = Release|x86
		{7AB5B153-0855-4AF1-AD6E-043AC4B5B366}.Release|x86.Build.0 = Release|x86
		{8C444D16-D608-4119-A5A9-E254B8A5D0E9}.Debug|Any CPU.ActiveCfg = Debug|Any CPU
		{8C444D16-D608-4119-A5A9-E254B8A5D0E9}.Debug|Any CPU.Build.0 = Debug|Any CPU
		{8C444D16-D608-4119-A5A9-E254B8A5D0E9}.Debug|Any CPU.Deploy.0 = Debug|Any CPU
		{8C444D16-D608-4119-A5A9-E254B8A5D0E9}.Debug|ARM.ActiveCfg = Debug|ARM
		{8C444D16-D608-4119-A5A9-E254B8A5D0E9}.Debug|ARM.Build.0 = Debug|ARM
		{8C444D16-D608-4119-A5A9-E254B8A5D0E9}.Debug|ARM.Deploy.0 = Debug|ARM
		{8C444D16-D608-4119-A5A9-E254B8A5D0E9}.Debug|Mixed Platforms.ActiveCfg = Debug|x86
		{8C444D16-D608-4119-A5A9-E254B8A5D0E9}.Debug|Mixed Platforms.Build.0 = Debug|x86
		{8C444D16-D608-4119-A5A9-E254B8A5D0E9}.Debug|Mixed Platforms.Deploy.0 = Debug|x86
		{8C444D16-D608-4119-A5A9-E254B8A5D0E9}.Debug|x64.ActiveCfg = Debug|Any CPU
		{8C444D16-D608-4119-A5A9-E254B8A5D0E9}.Debug|x86.ActiveCfg = Debug|x86
		{8C444D16-D608-4119-A5A9-E254B8A5D0E9}.Debug|x86.Build.0 = Debug|x86
		{8C444D16-D608-4119-A5A9-E254B8A5D0E9}.Debug|x86.Deploy.0 = Debug|x86
		{8C444D16-D608-4119-A5A9-E254B8A5D0E9}.Release|Any CPU.ActiveCfg = Release|Any CPU
		{8C444D16-D608-4119-A5A9-E254B8A5D0E9}.Release|Any CPU.Build.0 = Release|Any CPU
		{8C444D16-D608-4119-A5A9-E254B8A5D0E9}.Release|Any CPU.Deploy.0 = Release|Any CPU
		{8C444D16-D608-4119-A5A9-E254B8A5D0E9}.Release|ARM.ActiveCfg = Release|ARM
		{8C444D16-D608-4119-A5A9-E254B8A5D0E9}.Release|ARM.Build.0 = Release|ARM
		{8C444D16-D608-4119-A5A9-E254B8A5D0E9}.Release|ARM.Deploy.0 = Release|ARM
		{8C444D16-D608-4119-A5A9-E254B8A5D0E9}.Release|Mixed Platforms.ActiveCfg = Release|x86
		{8C444D16-D608-4119-A5A9-E254B8A5D0E9}.Release|Mixed Platforms.Build.0 = Release|x86
		{8C444D16-D608-4119-A5A9-E254B8A5D0E9}.Release|Mixed Platforms.Deploy.0 = Release|x86
		{8C444D16-D608-4119-A5A9-E254B8A5D0E9}.Release|x64.ActiveCfg = Release|Any CPU
		{8C444D16-D608-4119-A5A9-E254B8A5D0E9}.Release|x86.ActiveCfg = Release|x86
		{8C444D16-D608-4119-A5A9-E254B8A5D0E9}.Release|x86.Build.0 = Release|x86
		{8C444D16-D608-4119-A5A9-E254B8A5D0E9}.Release|x86.Deploy.0 = Release|x86
		{F17EA7E9-B077-402C-A20B-AEF76E7194AC}.Debug|Any CPU.ActiveCfg = Debug|Any CPU
		{F17EA7E9-B077-402C-A20B-AEF76E7194AC}.Debug|Any CPU.Build.0 = Debug|Any CPU
		{F17EA7E9-B077-402C-A20B-AEF76E7194AC}.Debug|Any CPU.Deploy.0 = Debug|Any CPU
		{F17EA7E9-B077-402C-A20B-AEF76E7194AC}.Debug|ARM.ActiveCfg = Debug|Any CPU
		{F17EA7E9-B077-402C-A20B-AEF76E7194AC}.Debug|Mixed Platforms.ActiveCfg = Debug|Any CPU
		{F17EA7E9-B077-402C-A20B-AEF76E7194AC}.Debug|Mixed Platforms.Build.0 = Debug|Any CPU
		{F17EA7E9-B077-402C-A20B-AEF76E7194AC}.Debug|Mixed Platforms.Deploy.0 = Debug|Any CPU
		{F17EA7E9-B077-402C-A20B-AEF76E7194AC}.Debug|x64.ActiveCfg = Debug|Any CPU
		{F17EA7E9-B077-402C-A20B-AEF76E7194AC}.Debug|x86.ActiveCfg = Debug|Any CPU
		{F17EA7E9-B077-402C-A20B-AEF76E7194AC}.Release|Any CPU.ActiveCfg = Release|Any CPU
		{F17EA7E9-B077-402C-A20B-AEF76E7194AC}.Release|Any CPU.Build.0 = Release|Any CPU
		{F17EA7E9-B077-402C-A20B-AEF76E7194AC}.Release|Any CPU.Deploy.0 = Release|Any CPU
		{F17EA7E9-B077-402C-A20B-AEF76E7194AC}.Release|ARM.ActiveCfg = Release|Any CPU
		{F17EA7E9-B077-402C-A20B-AEF76E7194AC}.Release|Mixed Platforms.ActiveCfg = Release|Any CPU
		{F17EA7E9-B077-402C-A20B-AEF76E7194AC}.Release|Mixed Platforms.Build.0 = Release|Any CPU
		{F17EA7E9-B077-402C-A20B-AEF76E7194AC}.Release|Mixed Platforms.Deploy.0 = Release|Any CPU
		{F17EA7E9-B077-402C-A20B-AEF76E7194AC}.Release|x64.ActiveCfg = Release|Any CPU
		{F17EA7E9-B077-402C-A20B-AEF76E7194AC}.Release|x86.ActiveCfg = Release|Any CPU
	EndGlobalSection
	GlobalSection(NestedProjects) = preSolution
		{7956272C-3FBE-4689-9730-C7E2A138245E} = {F8434CDD-D5AE-4675-A708-11710C99B33D}
		{7AB5B153-0855-4AF1-AD6E-043AC4B5B366} = {F8434CDD-D5AE-4675-A708-11710C99B33D}
		{14438D26-201F-4872-8637-1F94233D982D} = {6A43F5C3-64EF-434A-B894-4965F8EE5777}
		{F17EA7E9-B077-402C-A20B-AEF76E7194AC} = {6A43F5C3-64EF-434A-B894-4965F8EE5777}
		{40FD4530-2778-42A6-A974-A415ACB5517D} = {14438D26-201F-4872-8637-1F94233D982D}
		{48214BFD-0C60-4437-9E5D-30211987A52B} = {14438D26-201F-4872-8637-1F94233D982D}
		{8C444D16-D608-4119-A5A9-E254B8A5D0E9} = {14438D26-201F-4872-8637-1F94233D982D}
	EndGlobalSection
	GlobalSection(SharedMSBuildProjectFiles) = preSolution
		Apps\Audiotica.Shared\Audiotica.Shared.projitems*{8c444d16-d608-4119-a5a9-e254b8a5d0e9}*SharedItemsImports = 4
		Apps\Audiotica.Shared\Audiotica.Shared.projitems*{40fd4530-2778-42a6-a974-a415acb5517d}*SharedItemsImports = 13
	EndGlobalSection
	GlobalSection(SolutionProperties) = preSolution
		HideSolutionNode = FALSE
	EndGlobalSection
EndGlobal
