
Microsoft Visual Studio Solution File, Format Version 12.00
# Visual Studio 14
VisualStudioVersion = 14.0.23107.0
MinimumVisualStudioVersion = 10.0.40219.1
Project("{2150E333-8FDC-42A3-9474-1A3956D46DE8}") = "Windows", "Windows", "{EAE11927-100E-47E4-8B82-77B828AF4C74}"
EndProject
Project("{FAE04EC0-301F-11D3-BF4B-00C04F79EFBC}") = "Audiotica.Windows", "Windows\Audiotica.Windows\Audiotica.Windows.csproj", "{FEFD3052-DC9D-49F3-B018-5342B4F2FF09}"
EndProject
Project("{FAE04EC0-301F-11D3-BF4B-00C04F79EFBC}") = "Audiotica.Core.Windows", "Windows\Audiotica.Core.Windows\Audiotica.Core.Windows.csproj", "{5A3452A6-CF57-43D5-A0D9-26192741FAB1}"
EndProject
Project("{FAE04EC0-301F-11D3-BF4B-00C04F79EFBC}") = "Audiotica.Core", "Audiotica.Core\Audiotica.Core.csproj", "{3B0D02A1-A45F-4925-93F0-CB4451317C80}"
EndProject
Project("{FAE04EC0-301F-11D3-BF4B-00C04F79EFBC}") = "Audiotica.Web", "Audiotica.Web\Audiotica.Web.csproj", "{0B8C5A00-8C9C-4663-A741-1B494C0E9E46}"
EndProject
Project("{FAE04EC0-301F-11D3-BF4B-00C04F79EFBC}") = "Audiotica.Database", "Audiotica.Database\Audiotica.Database.csproj", "{3D53E627-45B5-410D-8043-EC7F22C3E010}"
EndProject
Project("{FAE04EC0-301F-11D3-BF4B-00C04F79EFBC}") = "Audiotica.Windows.Player", "Windows\Audiotica.Windows.Player\Audiotica.Windows.Player.csproj", "{51F65CD8-3F91-41F5-A18F-AE17FB2F0B69}"
EndProject
Global
	GlobalSection(SolutionConfigurationPlatforms) = preSolution
		Debug|Any CPU = Debug|Any CPU
		Debug|ARM = Debug|ARM
		Debug|x64 = Debug|x64
		Debug|x86 = Debug|x86
		Release|Any CPU = Release|Any CPU
		Release|ARM = Release|ARM
		Release|x64 = Release|x64
		Release|x86 = Release|x86
	EndGlobalSection
	GlobalSection(ProjectConfigurationPlatforms) = postSolution
		{FEFD3052-DC9D-49F3-B018-5342B4F2FF09}.Debug|Any CPU.ActiveCfg = Debug|x86
		{FEFD3052-DC9D-49F3-B018-5342B4F2FF09}.Debug|ARM.ActiveCfg = Debug|ARM
		{FEFD3052-DC9D-49F3-B018-5342B4F2FF09}.Debug|ARM.Build.0 = Debug|ARM
		{FEFD3052-DC9D-49F3-B018-5342B4F2FF09}.Debug|ARM.Deploy.0 = Debug|ARM
		{FEFD3052-DC9D-49F3-B018-5342B4F2FF09}.Debug|x64.ActiveCfg = Debug|x64
		{FEFD3052-DC9D-49F3-B018-5342B4F2FF09}.Debug|x64.Build.0 = Debug|x64
		{FEFD3052-DC9D-49F3-B018-5342B4F2FF09}.Debug|x64.Deploy.0 = Debug|x64
		{FEFD3052-DC9D-49F3-B018-5342B4F2FF09}.Debug|x86.ActiveCfg = Debug|x86
		{FEFD3052-DC9D-49F3-B018-5342B4F2FF09}.Debug|x86.Build.0 = Debug|x86
		{FEFD3052-DC9D-49F3-B018-5342B4F2FF09}.Debug|x86.Deploy.0 = Debug|x86
		{FEFD3052-DC9D-49F3-B018-5342B4F2FF09}.Release|Any CPU.ActiveCfg = Release|x86
		{FEFD3052-DC9D-49F3-B018-5342B4F2FF09}.Release|ARM.ActiveCfg = Release|ARM
		{FEFD3052-DC9D-49F3-B018-5342B4F2FF09}.Release|ARM.Build.0 = Release|ARM
		{FEFD3052-DC9D-49F3-B018-5342B4F2FF09}.Release|ARM.Deploy.0 = Release|ARM
		{FEFD3052-DC9D-49F3-B018-5342B4F2FF09}.Release|x64.ActiveCfg = Release|x64
		{FEFD3052-DC9D-49F3-B018-5342B4F2FF09}.Release|x64.Build.0 = Release|x64
		{FEFD3052-DC9D-49F3-B018-5342B4F2FF09}.Release|x64.Deploy.0 = Release|x64
		{FEFD3052-DC9D-49F3-B018-5342B4F2FF09}.Release|x86.ActiveCfg = Release|x86
		{FEFD3052-DC9D-49F3-B018-5342B4F2FF09}.Release|x86.Build.0 = Release|x86
		{FEFD3052-DC9D-49F3-B018-5342B4F2FF09}.Release|x86.Deploy.0 = Release|x86
		{5A3452A6-CF57-43D5-A0D9-26192741FAB1}.Debug|Any CPU.ActiveCfg = Debug|Any CPU
		{5A3452A6-CF57-43D5-A0D9-26192741FAB1}.Debug|Any CPU.Build.0 = Debug|Any CPU
		{5A3452A6-CF57-43D5-A0D9-26192741FAB1}.Debug|ARM.ActiveCfg = Debug|ARM
		{5A3452A6-CF57-43D5-A0D9-26192741FAB1}.Debug|ARM.Build.0 = Debug|ARM
		{5A3452A6-CF57-43D5-A0D9-26192741FAB1}.Debug|x64.ActiveCfg = Debug|x64
		{5A3452A6-CF57-43D5-A0D9-26192741FAB1}.Debug|x64.Build.0 = Debug|x64
		{5A3452A6-CF57-43D5-A0D9-26192741FAB1}.Debug|x86.ActiveCfg = Debug|x86
		{5A3452A6-CF57-43D5-A0D9-26192741FAB1}.Debug|x86.Build.0 = Debug|x86
		{5A3452A6-CF57-43D5-A0D9-26192741FAB1}.Release|Any CPU.ActiveCfg = Release|Any CPU
		{5A3452A6-CF57-43D5-A0D9-26192741FAB1}.Release|Any CPU.Build.0 = Release|Any CPU
		{5A3452A6-CF57-43D5-A0D9-26192741FAB1}.Release|ARM.ActiveCfg = Release|ARM
		{5A3452A6-CF57-43D5-A0D9-26192741FAB1}.Release|ARM.Build.0 = Release|ARM
		{5A3452A6-CF57-43D5-A0D9-26192741FAB1}.Release|x64.ActiveCfg = Release|x64
		{5A3452A6-CF57-43D5-A0D9-26192741FAB1}.Release|x64.Build.0 = Release|x64
		{5A3452A6-CF57-43D5-A0D9-26192741FAB1}.Release|x86.ActiveCfg = Release|x86
		{5A3452A6-CF57-43D5-A0D9-26192741FAB1}.Release|x86.Build.0 = Release|x86
		{3B0D02A1-A45F-4925-93F0-CB4451317C80}.Debug|Any CPU.ActiveCfg = Debug|Any CPU
		{3B0D02A1-A45F-4925-93F0-CB4451317C80}.Debug|Any CPU.Build.0 = Debug|Any CPU
		{3B0D02A1-A45F-4925-93F0-CB4451317C80}.Debug|ARM.ActiveCfg = Debug|Any CPU
		{3B0D02A1-A45F-4925-93F0-CB4451317C80}.Debug|ARM.Build.0 = Debug|Any CPU
		{3B0D02A1-A45F-4925-93F0-CB4451317C80}.Debug|x64.ActiveCfg = Debug|Any CPU
		{3B0D02A1-A45F-4925-93F0-CB4451317C80}.Debug|x64.Build.0 = Debug|Any CPU
		{3B0D02A1-A45F-4925-93F0-CB4451317C80}.Debug|x86.ActiveCfg = Debug|Any CPU
		{3B0D02A1-A45F-4925-93F0-CB4451317C80}.Debug|x86.Build.0 = Debug|Any CPU
		{3B0D02A1-A45F-4925-93F0-CB4451317C80}.Release|Any CPU.ActiveCfg = Release|Any CPU
		{3B0D02A1-A45F-4925-93F0-CB4451317C80}.Release|Any CPU.Build.0 = Release|Any CPU
		{3B0D02A1-A45F-4925-93F0-CB4451317C80}.Release|ARM.ActiveCfg = Release|Any CPU
		{3B0D02A1-A45F-4925-93F0-CB4451317C80}.Release|ARM.Build.0 = Release|Any CPU
		{3B0D02A1-A45F-4925-93F0-CB4451317C80}.Release|x64.ActiveCfg = Release|Any CPU
		{3B0D02A1-A45F-4925-93F0-CB4451317C80}.Release|x64.Build.0 = Release|Any CPU
		{3B0D02A1-A45F-4925-93F0-CB4451317C80}.Release|x86.ActiveCfg = Release|Any CPU
		{3B0D02A1-A45F-4925-93F0-CB4451317C80}.Release|x86.Build.0 = Release|Any CPU
		{0B8C5A00-8C9C-4663-A741-1B494C0E9E46}.Debug|Any CPU.ActiveCfg = Debug|Any CPU
		{0B8C5A00-8C9C-4663-A741-1B494C0E9E46}.Debug|Any CPU.Build.0 = Debug|Any CPU
		{0B8C5A00-8C9C-4663-A741-1B494C0E9E46}.Debug|ARM.ActiveCfg = Debug|Any CPU
		{0B8C5A00-8C9C-4663-A741-1B494C0E9E46}.Debug|ARM.Build.0 = Debug|Any CPU
		{0B8C5A00-8C9C-4663-A741-1B494C0E9E46}.Debug|x64.ActiveCfg = Debug|Any CPU
		{0B8C5A00-8C9C-4663-A741-1B494C0E9E46}.Debug|x64.Build.0 = Debug|Any CPU
		{0B8C5A00-8C9C-4663-A741-1B494C0E9E46}.Debug|x86.ActiveCfg = Debug|Any CPU
		{0B8C5A00-8C9C-4663-A741-1B494C0E9E46}.Debug|x86.Build.0 = Debug|Any CPU
		{0B8C5A00-8C9C-4663-A741-1B494C0E9E46}.Release|Any CPU.ActiveCfg = Release|Any CPU
		{0B8C5A00-8C9C-4663-A741-1B494C0E9E46}.Release|Any CPU.Build.0 = Release|Any CPU
		{0B8C5A00-8C9C-4663-A741-1B494C0E9E46}.Release|ARM.ActiveCfg = Release|Any CPU
		{0B8C5A00-8C9C-4663-A741-1B494C0E9E46}.Release|ARM.Build.0 = Release|Any CPU
		{0B8C5A00-8C9C-4663-A741-1B494C0E9E46}.Release|x64.ActiveCfg = Release|Any CPU
		{0B8C5A00-8C9C-4663-A741-1B494C0E9E46}.Release|x64.Build.0 = Release|Any CPU
		{0B8C5A00-8C9C-4663-A741-1B494C0E9E46}.Release|x86.ActiveCfg = Release|Any CPU
		{0B8C5A00-8C9C-4663-A741-1B494C0E9E46}.Release|x86.Build.0 = Release|Any CPU
		{3D53E627-45B5-410D-8043-EC7F22C3E010}.Debug|Any CPU.ActiveCfg = Debug|Any CPU
		{3D53E627-45B5-410D-8043-EC7F22C3E010}.Debug|Any CPU.Build.0 = Debug|Any CPU
		{3D53E627-45B5-410D-8043-EC7F22C3E010}.Debug|ARM.ActiveCfg = Debug|Any CPU
		{3D53E627-45B5-410D-8043-EC7F22C3E010}.Debug|ARM.Build.0 = Debug|Any CPU
		{3D53E627-45B5-410D-8043-EC7F22C3E010}.Debug|x64.ActiveCfg = Debug|Any CPU
		{3D53E627-45B5-410D-8043-EC7F22C3E010}.Debug|x64.Build.0 = Debug|Any CPU
		{3D53E627-45B5-410D-8043-EC7F22C3E010}.Debug|x86.ActiveCfg = Debug|Any CPU
		{3D53E627-45B5-410D-8043-EC7F22C3E010}.Debug|x86.Build.0 = Debug|Any CPU
		{3D53E627-45B5-410D-8043-EC7F22C3E010}.Release|Any CPU.ActiveCfg = Release|Any CPU
		{3D53E627-45B5-410D-8043-EC7F22C3E010}.Release|Any CPU.Build.0 = Release|Any CPU
		{3D53E627-45B5-410D-8043-EC7F22C3E010}.Release|ARM.ActiveCfg = Release|Any CPU
		{3D53E627-45B5-410D-8043-EC7F22C3E010}.Release|ARM.Build.0 = Release|Any CPU
		{3D53E627-45B5-410D-8043-EC7F22C3E010}.Release|x64.ActiveCfg = Release|Any CPU
		{3D53E627-45B5-410D-8043-EC7F22C3E010}.Release|x64.Build.0 = Release|Any CPU
		{3D53E627-45B5-410D-8043-EC7F22C3E010}.Release|x86.ActiveCfg = Release|Any CPU
		{3D53E627-45B5-410D-8043-EC7F22C3E010}.Release|x86.Build.0 = Release|Any CPU
		{51F65CD8-3F91-41F5-A18F-AE17FB2F0B69}.Debug|Any CPU.ActiveCfg = Debug|Any CPU
		{51F65CD8-3F91-41F5-A18F-AE17FB2F0B69}.Debug|Any CPU.Build.0 = Debug|Any CPU
		{51F65CD8-3F91-41F5-A18F-AE17FB2F0B69}.Debug|ARM.ActiveCfg = Debug|ARM
		{51F65CD8-3F91-41F5-A18F-AE17FB2F0B69}.Debug|ARM.Build.0 = Debug|ARM
		{51F65CD8-3F91-41F5-A18F-AE17FB2F0B69}.Debug|x64.ActiveCfg = Debug|x64
		{51F65CD8-3F91-41F5-A18F-AE17FB2F0B69}.Debug|x64.Build.0 = Debug|x64
		{51F65CD8-3F91-41F5-A18F-AE17FB2F0B69}.Debug|x86.ActiveCfg = Debug|x86
		{51F65CD8-3F91-41F5-A18F-AE17FB2F0B69}.Debug|x86.Build.0 = Debug|x86
		{51F65CD8-3F91-41F5-A18F-AE17FB2F0B69}.Release|Any CPU.ActiveCfg = Release|Any CPU
		{51F65CD8-3F91-41F5-A18F-AE17FB2F0B69}.Release|Any CPU.Build.0 = Release|Any CPU
		{51F65CD8-3F91-41F5-A18F-AE17FB2F0B69}.Release|ARM.ActiveCfg = Release|ARM
		{51F65CD8-3F91-41F5-A18F-AE17FB2F0B69}.Release|ARM.Build.0 = Release|ARM
		{51F65CD8-3F91-41F5-A18F-AE17FB2F0B69}.Release|x64.ActiveCfg = Release|x64
		{51F65CD8-3F91-41F5-A18F-AE17FB2F0B69}.Release|x64.Build.0 = Release|x64
		{51F65CD8-3F91-41F5-A18F-AE17FB2F0B69}.Release|x86.ActiveCfg = Release|x86
		{51F65CD8-3F91-41F5-A18F-AE17FB2F0B69}.Release|x86.Build.0 = Release|x86
	EndGlobalSection
	GlobalSection(SolutionProperties) = preSolution
		HideSolutionNode = FALSE
	EndGlobalSection
	GlobalSection(NestedProjects) = preSolution
		{FEFD3052-DC9D-49F3-B018-5342B4F2FF09} = {EAE11927-100E-47E4-8B82-77B828AF4C74}
		{5A3452A6-CF57-43D5-A0D9-26192741FAB1} = {EAE11927-100E-47E4-8B82-77B828AF4C74}
		{51F65CD8-3F91-41F5-A18F-AE17FB2F0B69} = {EAE11927-100E-47E4-8B82-77B828AF4C74}
	EndGlobalSection
EndGlobal
